
Microsoft Visual Studio Solution File, Format Version 12.00
# Visual Studio 15
VisualStudioVersion = 15.0.28307.1145
MinimumVisualStudioVersion = 10.0.40219.1
Project("{FAE04EC0-301F-11D3-BF4B-00C04F79EFBC}") = "nonUniTest", "nonUniTest\nonUniTest.csproj", "{04B4DCEC-BC89-4C4B-BB2B-67C991D9A044}"
EndProject
Global
	GlobalSection(SolutionConfigurationPlatforms) = preSolution
		Debug|Any CPU = Debug|Any CPU
		Release|Any CPU = Release|Any CPU
	EndGlobalSection
	GlobalSection(ProjectConfigurationPlatforms) = postSolution
		{04B4DCEC-BC89-4C4B-BB2B-67C991D9A044}.Debug|Any CPU.ActiveCfg = Debug|Any CPU
		{04B4DCEC-BC89-4C4B-BB2B-67C991D9A044}.Debug|Any CPU.Build.0 = Debug|Any CPU
		{04B4DCEC-BC89-4C4B-BB2B-67C991D9A044}.Release|Any CPU.ActiveCfg = Release|Any CPU
		{04B4DCEC-BC89-4C4B-BB2B-67C991D9A044}.Release|Any CPU.Build.0 = Release|Any CPU
	EndGlobalSection
	GlobalSection(SolutionProperties) = preSolution
		HideSolutionNode = FALSE
	EndGlobalSection
	GlobalSection(ExtensibilityGlobals) = postSolution
		SolutionGuid = {C031667E-8D11-4BF1-ACF5-BC4CAE94618D}
	EndGlobalSection
EndGlobal
